{
    "api-platform/api-pack": {
        "version": "v1.3.0"
    },
    "api-platform/core": {
        "version": "2.5",
        "recipe": {
            "repo": "github.com/symfony/recipes",
            "branch": "master",
            "version": "2.5",
            "ref": "a93061567140e386f107be75340ac2aee3f86cbf"
        },
        "files": [
            "config/packages/api_platform.yaml",
            "config/routes/api_platform.yaml",
            "src/Entity/.gitignore"
        ]
    },
    "doctrine/data-fixtures": {
        "version": "1.5.0"
    },
    "doctrine/doctrine-fixtures-bundle": {
        "version": "3.0",
        "recipe": {
            "repo": "github.com/symfony/recipes",
            "branch": "master",
            "version": "3.0",
            "ref": "e5b542d4ef47d8a003c91beb35650c76907f7e53"
        },
        "files": [
            "src/DataFixtures/AppFixtures.php"
        ]
    },
    "fig/link-util": {
        "version": "1.1.2"
    },
    "nelmio/cors-bundle": {
        "version": "1.5",
        "recipe": {
            "repo": "github.com/symfony/recipes",
            "branch": "master",
            "version": "1.5",
            "ref": "6bea22e6c564fba3a1391615cada1437d0bde39c"
        },
        "files": [
            "config/packages/nelmio_cors.yaml"
        ]
    },
    "symfony/orm-pack": {
        "version": "v2.1.0"
    },
    "symfony/serializer-pack": {
        "version": "v1.0.4"
    },
    "willdurand/negotiation": {
        "version": "3.0.0"
    }
}
