{
<<<<<<< HEAD
    "api-platform/api-pack": {
        "version": "v1.3.0"
    },
    "doctrine/data-fixtures": {
        "version": "1.5.0"
    },
    "doctrine/doctrine-fixtures-bundle": {
        "version": "3.0",
        "recipe": {
            "repo": "github.com/symfony/recipes",
            "branch": "master",
            "version": "3.0",
            "ref": "e5b542d4ef47d8a003c91beb35650c76907f7e53"
        },
        "files": [
            "src/DataFixtures/AppFixtures.php"
        ]
    },
    "nelmio/cors-bundle": {
        "version": "1.5",
        "recipe": {
            "repo": "github.com/symfony/recipes",
            "branch": "master",
            "version": "1.5",
            "ref": "6bea22e6c564fba3a1391615cada1437d0bde39c"
        },
        "files": [
            "config/packages/nelmio_cors.yaml"
        ]
    },
    "symfony/orm-pack": {
        "version": "v2.1.0"
    },
    "symfony/serializer-pack": {
        "version": "v1.0.4"
=======
    "symfony/twig-pack": {
        "version": "v1.0.1"
>>>>>>> master
    }
}
